
Microsoft Visual Studio Solution File, Format Version 12.00
# Visual Studio Version 16
VisualStudioVersion = 16.0.29519.181
MinimumVisualStudioVersion = 10.0.40219.1
Project("{FAE04EC0-301F-11D3-BF4B-00C04F79EFBC}") = "Cinema_Complex", "Cinema_Complex\Cinema_Complex.csproj", "{5FC3C206-2B41-43CE-90A6-09B4B2D902FE}"
EndProject
Global
	GlobalSection(SolutionConfigurationPlatforms) = preSolution
		Debug|Any CPU = Debug|Any CPU
		Release|Any CPU = Release|Any CPU
	EndGlobalSection
	GlobalSection(ProjectConfigurationPlatforms) = postSolution
		{5FC3C206-2B41-43CE-90A6-09B4B2D902FE}.Debug|Any CPU.ActiveCfg = Debug|Any CPU
		{5FC3C206-2B41-43CE-90A6-09B4B2D902FE}.Debug|Any CPU.Build.0 = Debug|Any CPU
		{5FC3C206-2B41-43CE-90A6-09B4B2D902FE}.Release|Any CPU.ActiveCfg = Release|Any CPU
		{5FC3C206-2B41-43CE-90A6-09B4B2D902FE}.Release|Any CPU.Build.0 = Release|Any CPU
	EndGlobalSection
	GlobalSection(SolutionProperties) = preSolution
		HideSolutionNode = FALSE
	EndGlobalSection
	GlobalSection(ExtensibilityGlobals) = postSolution
		SolutionGuid = {C140B7DA-FD56-43E5-9AA4-FEC0AE70AD1F}
	EndGlobalSection
EndGlobal
